// !$*UTF8*$!
{
	archiveVersion = 1;
	classes = {
	};
	objectVersion = 46;
	objects = {

/* Begin PBXBuildFile section */
		CD1E8E6C1C842A040040A6C5 /* main.m in Sources */ = {isa = PBXBuildFile; fileRef = CD1E8E6B1C842A040040A6C5 /* main.m */; };
		CD1E8E6F1C842A040040A6C5 /* AppDelegate.m in Sources */ = {isa = PBXBuildFile; fileRef = CD1E8E6E1C842A040040A6C5 /* AppDelegate.m */; };
		CD1E8E721C842A040040A6C5 /* GameScene.m in Sources */ = {isa = PBXBuildFile; fileRef = CD1E8E711C842A040040A6C5 /* GameScene.m */; };
		CD1E8E741C842A040040A6C5 /* GameScene.sks in Resources */ = {isa = PBXBuildFile; fileRef = CD1E8E731C842A040040A6C5 /* GameScene.sks */; };
		CD1E8E771C842A040040A6C5 /* GameViewController.m in Sources */ = {isa = PBXBuildFile; fileRef = CD1E8E761C842A040040A6C5 /* GameViewController.m */; };
		CD1E8E7A1C842A040040A6C5 /* Main.storyboard in Resources */ = {isa = PBXBuildFile; fileRef = CD1E8E781C842A040040A6C5 /* Main.storyboard */; };
		CD1E8E7C1C842A040040A6C5 /* Assets.xcassets in Resources */ = {isa = PBXBuildFile; fileRef = CD1E8E7B1C842A040040A6C5 /* Assets.xcassets */; };
		CD1E8E7F1C842A040040A6C5 /* LaunchScreen.storyboard in Resources */ = {isa = PBXBuildFile; fileRef = CD1E8E7D1C842A040040A6C5 /* LaunchScreen.storyboard */; };
		CD7CAB3E1C8ECD080038FC54 /* iso_ground.png in Resources */ = {isa = PBXBuildFile; fileRef = CD7CAB3C1C8ECD080038FC54 /* iso_ground.png */; settings = {ASSET_TAGS = (); }; };
		CD7CAB3F1C8ECD080038FC54 /* iso_ground@2x.png in Resources */ = {isa = PBXBuildFile; fileRef = CD7CAB3D1C8ECD080038FC54 /* iso_ground@2x.png */; settings = {ASSET_TAGS = (); }; };
		CD7CAB421C8ECE810038FC54 /* iso_ground_side.png in Resources */ = {isa = PBXBuildFile; fileRef = CD7CAB401C8ECE810038FC54 /* iso_ground_side.png */; settings = {ASSET_TAGS = (); }; };
		CD7CAB431C8ECE810038FC54 /* iso_ground_side@2x.png in Resources */ = {isa = PBXBuildFile; fileRef = CD7CAB411C8ECE810038FC54 /* iso_ground_side@2x.png */; settings = {ASSET_TAGS = (); }; };
/* End PBXBuildFile section */

/* Begin PBXFileReference section */
		CD1E8E671C842A040040A6C5 /* treasureBlock.app */ = {isa = PBXFileReference; explicitFileType = wrapper.application; includeInIndex = 0; path = treasureBlock.app; sourceTree = BUILT_PRODUCTS_DIR; };
		CD1E8E6B1C842A040040A6C5 /* main.m */ = {isa = PBXFileReference; lastKnownFileType = sourcecode.c.objc; path = main.m; sourceTree = "<group>"; };
		CD1E8E6D1C842A040040A6C5 /* AppDelegate.h */ = {isa = PBXFileReference; lastKnownFileType = sourcecode.c.h; path = AppDelegate.h; sourceTree = "<group>"; };
		CD1E8E6E1C842A040040A6C5 /* AppDelegate.m */ = {isa = PBXFileReference; lastKnownFileType = sourcecode.c.objc; path = AppDelegate.m; sourceTree = "<group>"; };
		CD1E8E701C842A040040A6C5 /* GameScene.h */ = {isa = PBXFileReference; lastKnownFileType = sourcecode.c.h; path = GameScene.h; sourceTree = "<group>"; };
		CD1E8E711C842A040040A6C5 /* GameScene.m */ = {isa = PBXFileReference; lastKnownFileType = sourcecode.c.objc; path = GameScene.m; sourceTree = "<group>"; };
		CD1E8E731C842A040040A6C5 /* GameScene.sks */ = {isa = PBXFileReference; lastKnownFileType = file.sks; path = GameScene.sks; sourceTree = "<group>"; };
		CD1E8E751C842A040040A6C5 /* GameViewController.h */ = {isa = PBXFileReference; lastKnownFileType = sourcecode.c.h; path = GameViewController.h; sourceTree = "<group>"; };
		CD1E8E761C842A040040A6C5 /* GameViewController.m */ = {isa = PBXFileReference; lastKnownFileType = sourcecode.c.objc; path = GameViewController.m; sourceTree = "<group>"; };
		CD1E8E791C842A040040A6C5 /* Base */ = {isa = PBXFileReference; lastKnownFileType = file.storyboard; name = Base; path = Base.lproj/Main.storyboard; sourceTree = "<group>"; };
		CD1E8E7B1C842A040040A6C5 /* Assets.xcassets */ = {isa = PBXFileReference; lastKnownFileType = folder.assetcatalog; path = Assets.xcassets; sourceTree = "<group>"; };
		CD1E8E7E1C842A040040A6C5 /* Base */ = {isa = PBXFileReference; lastKnownFileType = file.storyboard; name = Base; path = Base.lproj/LaunchScreen.storyboard; sourceTree = "<group>"; };
		CD1E8E801C842A040040A6C5 /* Info.plist */ = {isa = PBXFileReference; lastKnownFileType = text.plist.xml; path = Info.plist; sourceTree = "<group>"; };
		CD7CAB3C1C8ECD080038FC54 /* iso_ground.png */ = {isa = PBXFileReference; lastKnownFileType = image.png; path = iso_ground.png; sourceTree = "<group>"; };
		CD7CAB3D1C8ECD080038FC54 /* iso_ground@2x.png */ = {isa = PBXFileReference; lastKnownFileType = image.png; path = "iso_ground@2x.png"; sourceTree = "<group>"; };
		CD7CAB401C8ECE810038FC54 /* iso_ground_side.png */ = {isa = PBXFileReference; lastKnownFileType = image.png; path = iso_ground_side.png; sourceTree = "<group>"; };
		CD7CAB411C8ECE810038FC54 /* iso_ground_side@2x.png */ = {isa = PBXFileReference; lastKnownFileType = image.png; path = "iso_ground_side@2x.png"; sourceTree = "<group>"; };
/* End PBXFileReference section */

/* Begin PBXFrameworksBuildPhase section */
		CD1E8E641C842A040040A6C5 /* Frameworks */ = {
			isa = PBXFrameworksBuildPhase;
			buildActionMask = 2147483647;
			files = (
			);
			runOnlyForDeploymentPostprocessing = 0;
		};
/* End PBXFrameworksBuildPhase section */

/* Begin PBXGroup section */
		CD1E8E5E1C842A030040A6C5 = {
			isa = PBXGroup;
			children = (
				CD1E8E691C842A040040A6C5 /* treasureBlock */,
				CD1E8E681C842A040040A6C5 /* Products */,
			);
			sourceTree = "<group>";
		};
		CD1E8E681C842A040040A6C5 /* Products */ = {
			isa = PBXGroup;
			children = (
				CD1E8E671C842A040040A6C5 /* treasureBlock.app */,
			);
			name = Products;
			sourceTree = "<group>";
		};
		CD1E8E691C842A040040A6C5 /* treasureBlock */ = {
			isa = PBXGroup;
			children = (
				CD7CAB3B1C8ECCDE0038FC54 /* Images */,
				CD1E8E6D1C842A040040A6C5 /* AppDelegate.h */,
				CD1E8E6E1C842A040040A6C5 /* AppDelegate.m */,
				CD1E8E701C842A040040A6C5 /* GameScene.h */,
				CD1E8E711C842A040040A6C5 /* GameScene.m */,
				CD1E8E731C842A040040A6C5 /* GameScene.sks */,
				CD1E8E751C842A040040A6C5 /* GameViewController.h */,
				CD1E8E761C842A040040A6C5 /* GameViewController.m */,
				CD1E8E781C842A040040A6C5 /* Main.storyboard */,
				CD1E8E7B1C842A040040A6C5 /* Assets.xcassets */,
				CD1E8E7D1C842A040040A6C5 /* LaunchScreen.storyboard */,
				CD1E8E801C842A040040A6C5 /* Info.plist */,
				CD1E8E6A1C842A040040A6C5 /* Supporting Files */,
			);
			path = treasureBlock;
			sourceTree = "<group>";
		};
		CD1E8E6A1C842A040040A6C5 /* Supporting Files */ = {
			isa = PBXGroup;
			children = (
				CD1E8E6B1C842A040040A6C5 /* main.m */,
			);
			name = "Supporting Files";
			sourceTree = "<group>";
		};
		CD7CAB3B1C8ECCDE0038FC54 /* Images */ = {
			isa = PBXGroup;
			children = (
				CD7CAB401C8ECE810038FC54 /* iso_ground_side.png */,
				CD7CAB411C8ECE810038FC54 /* iso_ground_side@2x.png */,
				CD7CAB3C1C8ECD080038FC54 /* iso_ground.png */,
				CD7CAB3D1C8ECD080038FC54 /* iso_ground@2x.png */,
			);
			name = Images;
			sourceTree = "<group>";
		};
/* End PBXGroup section */

/* Begin PBXNativeTarget section */
		CD1E8E661C842A040040A6C5 /* treasureBlock */ = {
			isa = PBXNativeTarget;
			buildConfigurationList = CD1E8E831C842A040040A6C5 /* Build configuration list for PBXNativeTarget "treasureBlock" */;
			buildPhases = (
				CD1E8E631C842A040040A6C5 /* Sources */,
				CD1E8E641C842A040040A6C5 /* Frameworks */,
				CD1E8E651C842A040040A6C5 /* Resources */,
			);
			buildRules = (
			);
			dependencies = (
			);
			name = treasureBlock;
			productName = treasureBlock;
			productReference = CD1E8E671C842A040040A6C5 /* treasureBlock.app */;
			productType = "com.apple.product-type.application";
		};
/* End PBXNativeTarget section */

/* Begin PBXProject section */
		CD1E8E5F1C842A040040A6C5 /* Project object */ = {
			isa = PBXProject;
			attributes = {
				LastUpgradeCheck = 0700;
				ORGANIZATIONNAME = Anik;
				TargetAttributes = {
					CD1E8E661C842A040040A6C5 = {
						CreatedOnToolsVersion = 7.0.1;
					};
				};
			};
			buildConfigurationList = CD1E8E621C842A040040A6C5 /* Build configuration list for PBXProject "treasureBlock" */;
			compatibilityVersion = "Xcode 3.2";
			developmentRegion = English;
			hasScannedForEncodings = 0;
			knownRegions = (
				en,
				Base,
			);
			mainGroup = CD1E8E5E1C842A030040A6C5;
			productRefGroup = CD1E8E681C842A040040A6C5 /* Products */;
			projectDirPath = "";
			projectRoot = "";
			targets = (
				CD1E8E661C842A040040A6C5 /* treasureBlock */,
			);
		};
/* End PBXProject section */

/* Begin PBXResourcesBuildPhase section */
		CD1E8E651C842A040040A6C5 /* Resources */ = {
			isa = PBXResourcesBuildPhase;
			buildActionMask = 2147483647;
			files = (
				CD7CAB431C8ECE810038FC54 /* iso_ground_side@2x.png in Resources */,
				CD7CAB421C8ECE810038FC54 /* iso_ground_side.png in Resources */,
				CD1E8E741C842A040040A6C5 /* GameScene.sks in Resources */,
				CD7CAB3E1C8ECD080038FC54 /* iso_ground.png in Resources */,
				CD1E8E7F1C842A040040A6C5 /* LaunchScreen.storyboard in Resources */,
				CD1E8E7C1C842A040040A6C5 /* Assets.xcassets in Resources */,
				CD1E8E7A1C842A040040A6C5 /* Main.storyboard in Resources */,
				CD7CAB3F1C8ECD080038FC54 /* iso_ground@2x.png in Resources */,
			);
			runOnlyForDeploymentPostprocessing = 0;
		};
/* End PBXResourcesBuildPhase section */

/* Begin PBXSourcesBuildPhase section */
		CD1E8E631C842A040040A6C5 /* Sources */ = {
			isa = PBXSourcesBuildPhase;
			buildActionMask = 2147483647;
			files = (
				CD1E8E771C842A040040A6C5 /* GameViewController.m in Sources */,
				CD1E8E6F1C842A040040A6C5 /* AppDelegate.m in Sources */,
				CD1E8E721C842A040040A6C5 /* GameScene.m in Sources */,
				CD1E8E6C1C842A040040A6C5 /* main.m in Sources */,
			);
			runOnlyForDeploymentPostprocessing = 0;
		};
/* End PBXSourcesBuildPhase section */

/* Begin PBXVariantGroup section */
		CD1E8E781C842A040040A6C5 /* Main.storyboard */ = {
			isa = PBXVariantGroup;
			children = (
				CD1E8E791C842A040040A6C5 /* Base */,
			);
			name = Main.storyboard;
			sourceTree = "<group>";
		};
		CD1E8E7D1C842A040040A6C5 /* LaunchScreen.storyboard */ = {
			isa = PBXVariantGroup;
			children = (
				CD1E8E7E1C842A040040A6C5 /* Base */,
			);
			name = LaunchScreen.storyboard;
			sourceTree = "<group>";
		};
/* End PBXVariantGroup section */

/* Begin XCBuildConfiguration section */
		CD1E8E811C842A040040A6C5 /* Debug */ = {
			isa = XCBuildConfiguration;
			buildSettings = {
				ALWAYS_SEARCH_USER_PATHS = NO;
				CLANG_CXX_LANGUAGE_STANDARD = "gnu++0x";
				CLANG_CXX_LIBRARY = "libc++";
				CLANG_ENABLE_MODULES = YES;
				CLANG_ENABLE_OBJC_ARC = YES;
				CLANG_WARN_BOOL_CONVERSION = YES;
				CLANG_WARN_CONSTANT_CONVERSION = YES;
				CLANG_WARN_DIRECT_OBJC_ISA_USAGE = YES_ERROR;
				CLANG_WARN_EMPTY_BODY = YES;
				CLANG_WARN_ENUM_CONVERSION = YES;
				CLANG_WARN_INT_CONVERSION = YES;
				CLANG_WARN_OBJC_ROOT_CLASS = YES_ERROR;
				CLANG_WARN_UNREACHABLE_CODE = YES;
				CLANG_WARN__DUPLICATE_METHOD_MATCH = YES;
				"CODE_SIGN_IDENTITY[sdk=iphoneos*]" = "iPhone Developer";
				COPY_PHASE_STRIP = NO;
				DEBUG_INFORMATION_FORMAT = "dwarf-with-dsym";
				ENABLE_STRICT_OBJC_MSGSEND = YES;
				ENABLE_TESTABILITY = YES;
				GCC_C_LANGUAGE_STANDARD = gnu99;
				GCC_DYNAMIC_NO_PIC = NO;
				GCC_NO_COMMON_BLOCKS = YES;
				GCC_OPTIMIZATION_LEVEL = 0;
				GCC_PREPROCESSOR_DEFINITIONS = (
					"DEBUG=1",
					"$(inherited)",
				);
				GCC_WARN_64_TO_32_BIT_CONVERSION = YES;
				GCC_WARN_ABOUT_RETURN_TYPE = YES_ERROR;
				GCC_WARN_UNDECLARED_SELECTOR = YES;
				GCC_WARN_UNINITIALIZED_AUTOS = YES_AGGRESSIVE;
				GCC_WARN_UNUSED_FUNCTION = YES;
				GCC_WARN_UNUSED_VARIABLE = YES;
				IPHONEOS_DEPLOYMENT_TARGET = 9.0;
				MTL_ENABLE_DEBUG_INFO = YES;
				ONLY_ACTIVE_ARCH = YES;
				SDKROOT = iphoneos;
			};
			name = Debug;
		};
		CD1E8E821C842A040040A6C5 /* Release */ = {
			isa = XCBuildConfiguration;
			buildSettings = {
				ALWAYS_SEARCH_USER_PATHS = NO;
				CLANG_CXX_LANGUAGE_STANDARD = "gnu++0x";
				CLANG_CXX_LIBRARY = "libc++";
				CLANG_ENABLE_MODULES = YES;
				CLANG_ENABLE_OBJC_ARC = YES;
				CLANG_WARN_BOOL_CONVERSION = YES;
				CLANG_WARN_CONSTANT_CONVERSION = YES;
				CLANG_WARN_DIRECT_OBJC_ISA_USAGE = YES_ERROR;
				CLANG_WARN_EMPTY_BODY = YES;
				CLANG_WARN_ENUM_CONVERSION = YES;
				CLANG_WARN_INT_CONVERSION = YES;
				CLANG_WARN_OBJC_ROOT_CLASS = YES_ERROR;
				CLANG_WARN_UNREACHABLE_CODE = YES;
				CLANG_WARN__DUPLICATE_METHOD_MATCH = YES;
				"CODE_SIGN_IDENTITY[sdk=iphoneos*]" = "iPhone Developer";
				COPY_PHASE_STRIP = NO;
				DEBUG_INFORMATION_FORMAT = "dwarf-with-dsym";
				ENABLE_NS_ASSERTIONS = NO;
				ENABLE_STRICT_OBJC_MSGSEND = YES;
				GCC_C_LANGUAGE_STANDARD = gnu99;
				GCC_NO_COMMON_BLOCKS = YES;
				GCC_WARN_64_TO_32_BIT_CONVERSION = YES;
				GCC_WARN_ABOUT_RETURN_TYPE = YES_ERROR;
				GCC_WARN_UNDECLARED_SELECTOR = YES;
				GCC_WARN_UNINITIALIZED_AUTOS = YES_AGGRESSIVE;
				GCC_WARN_UNUSED_FUNCTION = YES;
				GCC_WARN_UNUSED_VARIABLE = YES;
				IPHONEOS_DEPLOYMENT_TARGET = 9.0;
				MTL_ENABLE_DEBUG_INFO = NO;
				SDKROOT = iphoneos;
				VALIDATE_PRODUCT = YES;
			};
			name = Release;
		};
		CD1E8E841C842A040040A6C5 /* Debug */ = {
			isa = XCBuildConfiguration;
			buildSettings = {
				ASSETCATALOG_COMPILER_APPICON_NAME = AppIcon;
				INFOPLIST_FILE = treasureBlock/Info.plist;
				LD_RUNPATH_SEARCH_PATHS = "$(inherited) @executable_path/Frameworks";
				PRODUCT_BUNDLE_IDENTIFIER = com.anik.treasureBlock;
				PRODUCT_NAME = "$(TARGET_NAME)";
			};
			name = Debug;
		};
		CD1E8E851C842A040040A6C5 /* Release */ = {
			isa = XCBuildConfiguration;
			buildSettings = {
				ASSETCATALOG_COMPILER_APPICON_NAME = AppIcon;
				INFOPLIST_FILE = treasureBlock/Info.plist;
				LD_RUNPATH_SEARCH_PATHS = "$(inherited) @executable_path/Frameworks";
				PRODUCT_BUNDLE_IDENTIFIER = com.anik.treasureBlock;
				PRODUCT_NAME = "$(TARGET_NAME)";
			};
			name = Release;
		};
/* End XCBuildConfiguration section */

/* Begin XCConfigurationList section */
		CD1E8E621C842A040040A6C5 /* Build configuration list for PBXProject "treasureBlock" */ = {
			isa = XCConfigurationList;
			buildConfigurations = (
				CD1E8E811C842A040040A6C5 /* Debug */,
				CD1E8E821C842A040040A6C5 /* Release */,
			);
			defaultConfigurationIsVisible = 0;
			defaultConfigurationName = Release;
		};
		CD1E8E831C842A040040A6C5 /* Build configuration list for PBXNativeTarget "treasureBlock" */ = {
			isa = XCConfigurationList;
			buildConfigurations = (
				CD1E8E841C842A040040A6C5 /* Debug */,
				CD1E8E851C842A040040A6C5 /* Release */,
			);
			defaultConfigurationIsVisible = 0;
			defaultConfigurationName = Release;
		};
/* End XCConfigurationList section */
	};
	rootObject = CD1E8E5F1C842A040040A6C5 /* Project object */;
}
